
Microsoft Visual Studio Solution File, Format Version 12.00
# Visual Studio Version 17
VisualStudioVersion = 17.8.34408.163
MinimumVisualStudioVersion = 10.0.40219.1
Project("{9A19103F-16F7-4668-BE54-9A1E7A4F7556}") = "Prices.WindowsService", "Prices.WindowsService\Prices.WindowsService.csproj", "{90DEBF83-B851-44A6-A363-3C3F71B99707}"
EndProject
Project("{2150E333-8FDC-42A3-9474-1A3956D46DE8}") = "Prices.Database", "Prices.Database", "{53F165D5-D005-49F1-B3DF-E721DF70300F}"
	ProjectSection(SolutionItems) = preProject
		Prices.Database\create_user.sql = Prices.Database\create_user.sql
		Prices.Database\db_ddl.sql = Prices.Database\db_ddl.sql
		Prices.Database\documentation.txt = Prices.Database\documentation.txt
		Prices.Database\seed_data.sql = Prices.Database\seed_data.sql
	EndProjectSection
EndProject
Project("{FAE04EC0-301F-11D3-BF4B-00C04F79EFBC}") = "Prices.Web", "Prices.Web\Prices.Web.csproj", "{420B1A23-BB26-4A73-B3EB-0BB5D3B2A2F5}"
EndProject
Project("{FAE04EC0-301F-11D3-BF4B-00C04F79EFBC}") = "Prices.Data", "Prices.Data\Prices.Data.csproj", "{95DAC750-14ED-46AC-AB4E-1E29F0D830ED}"
EndProject
Global
	GlobalSection(SolutionConfigurationPlatforms) = preSolution
		Debug|Any CPU = Debug|Any CPU
		Release|Any CPU = Release|Any CPU
	EndGlobalSection
	GlobalSection(ProjectConfigurationPlatforms) = postSolution
		{90DEBF83-B851-44A6-A363-3C3F71B99707}.Debug|Any CPU.ActiveCfg = Debug|Any CPU
		{90DEBF83-B851-44A6-A363-3C3F71B99707}.Debug|Any CPU.Build.0 = Debug|Any CPU
		{90DEBF83-B851-44A6-A363-3C3F71B99707}.Release|Any CPU.ActiveCfg = Release|Any CPU
		{90DEBF83-B851-44A6-A363-3C3F71B99707}.Release|Any CPU.Build.0 = Release|Any CPU
		{420B1A23-BB26-4A73-B3EB-0BB5D3B2A2F5}.Debug|Any CPU.ActiveCfg = Debug|Any CPU
		{420B1A23-BB26-4A73-B3EB-0BB5D3B2A2F5}.Debug|Any CPU.Build.0 = Debug|Any CPU
		{420B1A23-BB26-4A73-B3EB-0BB5D3B2A2F5}.Release|Any CPU.ActiveCfg = Release|Any CPU
		{420B1A23-BB26-4A73-B3EB-0BB5D3B2A2F5}.Release|Any CPU.Build.0 = Release|Any CPU
		{95DAC750-14ED-46AC-AB4E-1E29F0D830ED}.Debug|Any CPU.ActiveCfg = Debug|Any CPU
		{95DAC750-14ED-46AC-AB4E-1E29F0D830ED}.Debug|Any CPU.Build.0 = Debug|Any CPU
		{95DAC750-14ED-46AC-AB4E-1E29F0D830ED}.Release|Any CPU.ActiveCfg = Release|Any CPU
		{95DAC750-14ED-46AC-AB4E-1E29F0D830ED}.Release|Any CPU.Build.0 = Release|Any CPU
	EndGlobalSection
	GlobalSection(SolutionProperties) = preSolution
		HideSolutionNode = FALSE
	EndGlobalSection
	GlobalSection(ExtensibilityGlobals) = postSolution
		SolutionGuid = {4AF50708-4B78-4378-8380-8DB18EE22037}
	EndGlobalSection
EndGlobal
